PODS:
  - Flutter (1.0.0)
  - flutter_exoplayer (0.5.5):
    - Flutter
  - shared_preferences (0.0.1):
    - Flutter
  - shared_preferences_macos (0.0.1):
    - Flutter
  - shared_preferences_web (0.0.1):
    - Flutter
  - system_shortcuts (0.0.1):
    - Flutter
  - volume (0.0.1):
    - Flutter

DEPENDENCIES:
  - Flutter (from `Flutter`)
  - flutter_exoplayer (from `.symlinks/plugins/flutter_exoplayer/ios`)
  - shared_preferences (from `.symlinks/plugins/shared_preferences/ios`)
  - shared_preferences_macos (from `.symlinks/plugins/shared_preferences_macos/ios`)
  - shared_preferences_web (from `.symlinks/plugins/shared_preferences_web/ios`)
  - system_shortcuts (from `.symlinks/plugins/system_shortcuts/ios`)
  - volume (from `.symlinks/plugins/volume/ios`)

EXTERNAL SOURCES:
  Flutter:
    :path: Flutter
  flutter_exoplayer:
    :path: ".symlinks/plugins/flutter_exoplayer/ios"
  shared_preferences:
    :path: ".symlinks/plugins/shared_preferences/ios"
  shared_preferences_macos:
    :path: ".symlinks/plugins/shared_preferences_macos/ios"
  shared_preferences_web:
    :path: ".symlinks/plugins/shared_preferences_web/ios"
  system_shortcuts:
    :path: ".symlinks/plugins/system_shortcuts/ios"
  volume:
    :path: ".symlinks/plugins/volume/ios"

SPEC CHECKSUMS:
  Flutter: 0e3d915762c693b495b44d77113d4970485de6ec
  flutter_exoplayer: ffe87554caecfbcba7ce03cfa191720d1a727318
  shared_preferences: 430726339841afefe5142b9c1f50cb6bd7793e01
  shared_preferences_macos: f3f29b71ccbb56bf40c9dd6396c9acf15e214087
  shared_preferences_web: 141cce0c3ed1a1c5bf2a0e44f52d31eeb66e5ea9
  system_shortcuts: fa91743cc51eed3811f5ea5461e23f972b9de780
  volume: 8f8b305a8187ed55c4ee48bda614b8129c47f38e

PODFILE CHECKSUM: 1b66dae606f75376c5f2135a8290850eeb09ae83

COCOAPODS: 1.9.1
